
Microsoft Visual Studio Solution File, Format Version 12.00
Project("{2150E333-8FDC-42A3-9474-1A3956D46DE8}") = "DataStructures", "DataStructures", "{1640DF50-D0E5-4C5D-BBDC-6B83C5335B32}"
EndProject
Project("{2150E333-8FDC-42A3-9474-1A3956D46DE8}") = "Algorithms", "Algorithms", "{293F48F5-4F8F-4EB4-9C19-85C5869A5612}"
EndProject
Project("{FAE04EC0-301F-11D3-BF4B-00C04F79EFBC}") = "Arrays", "src\DataStructures\Arrays\Arrays.csproj", "{2B8947F0-DE01-4409-B8A8-A95579CD32E7}"
EndProject
Project("{FAE04EC0-301F-11D3-BF4B-00C04F79EFBC}") = "LinkedLists", "src\DataStructures\LinkedLists\LinkedLists.csproj", "{7D044332-1118-4EDE-9961-A37B823880E1}"
EndProject
Project("{FAE04EC0-301F-11D3-BF4B-00C04F79EFBC}") = "Stacks", "src\DataStructures\Stacks\Stacks.csproj", "{0B886087-F6F6-4CF2-9F2D-7D4963C540C3}"
EndProject
Project("{FAE04EC0-301F-11D3-BF4B-00C04F79EFBC}") = "Queues", "src\DataStructures\Queues\Queues.csproj", "{2E9CF3FF-6555-4D78-9684-007B669CCAA4}"
EndProject
Project("{FAE04EC0-301F-11D3-BF4B-00C04F79EFBC}") = "Heaps", "src\DataStructures\Heaps\Heaps.csproj", "{9D37B807-A5AD-4635-8E95-AA20B8901D50}"
EndProject
Project("{FAE04EC0-301F-11D3-BF4B-00C04F79EFBC}") = "HashTables", "src\DataStructures\HashTables\HashTables.csproj", "{21792D67-821E-4630-B9B4-516218B8E870}"
EndProject
Project("{FAE04EC0-301F-11D3-BF4B-00C04F79EFBC}") = "Trees", "src\DataStructures\Trees\Trees.csproj", "{3521B01E-3589-456D-AB15-B16CF6740215}"
EndProject
Project("{FAE04EC0-301F-11D3-BF4B-00C04F79EFBC}") = "AVLTrees", "src\DataStructures\AVLTrees\AVLTrees.csproj", "{46FC6749-F3C0-4FAF-9400-D77D66498A10}"
EndProject
Project("{FAE04EC0-301F-11D3-BF4B-00C04F79EFBC}") = "Tries", "src\DataStructures\Tries\Tries.csproj", "{1F8608AB-C0CC-426A-A04D-9334962D20B9}"
EndProject
Project("{FAE04EC0-301F-11D3-BF4B-00C04F79EFBC}") = "Graphs", "src\DataStructures\Graphs\Graphs.csproj", "{550BA0DF-9A52-49FD-8341-79064461F7ED}"
EndProject
Project("{FAE04EC0-301F-11D3-BF4B-00C04F79EFBC}") = "WeightedGraphs", "src\DataStructures\WeightedGraphs\WeightedGraphs.csproj", "{7EF10665-FFB3-43CD-9182-B5E0ACD99EFE}"
EndProject
Global
	GlobalSection(SolutionConfigurationPlatforms) = preSolution
		Debug|Any CPU = Debug|Any CPU
		Release|Any CPU = Release|Any CPU
	EndGlobalSection
	GlobalSection(ProjectConfigurationPlatforms) = postSolution
		{0B87DA96-72E3-4118-ABC1-C6BD8EECDFE0}.Debug|Any CPU.ActiveCfg = Debug|Any CPU
		{0B87DA96-72E3-4118-ABC1-C6BD8EECDFE0}.Debug|Any CPU.Build.0 = Debug|Any CPU
		{0B87DA96-72E3-4118-ABC1-C6BD8EECDFE0}.Release|Any CPU.ActiveCfg = Release|Any CPU
		{0B87DA96-72E3-4118-ABC1-C6BD8EECDFE0}.Release|Any CPU.Build.0 = Release|Any CPU
		{2B8947F0-DE01-4409-B8A8-A95579CD32E7}.Debug|Any CPU.ActiveCfg = Debug|Any CPU
		{2B8947F0-DE01-4409-B8A8-A95579CD32E7}.Debug|Any CPU.Build.0 = Debug|Any CPU
		{2B8947F0-DE01-4409-B8A8-A95579CD32E7}.Release|Any CPU.ActiveCfg = Release|Any CPU
		{2B8947F0-DE01-4409-B8A8-A95579CD32E7}.Release|Any CPU.Build.0 = Release|Any CPU
		{7D044332-1118-4EDE-9961-A37B823880E1}.Debug|Any CPU.ActiveCfg = Debug|Any CPU
		{7D044332-1118-4EDE-9961-A37B823880E1}.Debug|Any CPU.Build.0 = Debug|Any CPU
		{7D044332-1118-4EDE-9961-A37B823880E1}.Release|Any CPU.ActiveCfg = Release|Any CPU
		{7D044332-1118-4EDE-9961-A37B823880E1}.Release|Any CPU.Build.0 = Release|Any CPU
		{0B886087-F6F6-4CF2-9F2D-7D4963C540C3}.Debug|Any CPU.ActiveCfg = Debug|Any CPU
		{0B886087-F6F6-4CF2-9F2D-7D4963C540C3}.Debug|Any CPU.Build.0 = Debug|Any CPU
		{0B886087-F6F6-4CF2-9F2D-7D4963C540C3}.Release|Any CPU.ActiveCfg = Release|Any CPU
		{0B886087-F6F6-4CF2-9F2D-7D4963C540C3}.Release|Any CPU.Build.0 = Release|Any CPU
		{2E9CF3FF-6555-4D78-9684-007B669CCAA4}.Debug|Any CPU.ActiveCfg = Debug|Any CPU
		{2E9CF3FF-6555-4D78-9684-007B669CCAA4}.Debug|Any CPU.Build.0 = Debug|Any CPU
		{2E9CF3FF-6555-4D78-9684-007B669CCAA4}.Release|Any CPU.ActiveCfg = Release|Any CPU
		{2E9CF3FF-6555-4D78-9684-007B669CCAA4}.Release|Any CPU.Build.0 = Release|Any CPU
		{9D37B807-A5AD-4635-8E95-AA20B8901D50}.Debug|Any CPU.ActiveCfg = Debug|Any CPU
		{9D37B807-A5AD-4635-8E95-AA20B8901D50}.Debug|Any CPU.Build.0 = Debug|Any CPU
		{9D37B807-A5AD-4635-8E95-AA20B8901D50}.Release|Any CPU.ActiveCfg = Release|Any CPU
		{9D37B807-A5AD-4635-8E95-AA20B8901D50}.Release|Any CPU.Build.0 = Release|Any CPU
		{21792D67-821E-4630-B9B4-516218B8E870}.Debug|Any CPU.ActiveCfg = Debug|Any CPU
		{21792D67-821E-4630-B9B4-516218B8E870}.Debug|Any CPU.Build.0 = Debug|Any CPU
		{21792D67-821E-4630-B9B4-516218B8E870}.Release|Any CPU.ActiveCfg = Release|Any CPU
		{21792D67-821E-4630-B9B4-516218B8E870}.Release|Any CPU.Build.0 = Release|Any CPU
		{3521B01E-3589-456D-AB15-B16CF6740215}.Debug|Any CPU.ActiveCfg = Debug|Any CPU
		{3521B01E-3589-456D-AB15-B16CF6740215}.Debug|Any CPU.Build.0 = Debug|Any CPU
		{3521B01E-3589-456D-AB15-B16CF6740215}.Release|Any CPU.ActiveCfg = Release|Any CPU
		{3521B01E-3589-456D-AB15-B16CF6740215}.Release|Any CPU.Build.0 = Release|Any CPU
		{46FC6749-F3C0-4FAF-9400-D77D66498A10}.Debug|Any CPU.ActiveCfg = Debug|Any CPU
		{46FC6749-F3C0-4FAF-9400-D77D66498A10}.Debug|Any CPU.Build.0 = Debug|Any CPU
		{46FC6749-F3C0-4FAF-9400-D77D66498A10}.Release|Any CPU.ActiveCfg = Release|Any CPU
		{46FC6749-F3C0-4FAF-9400-D77D66498A10}.Release|Any CPU.Build.0 = Release|Any CPU
		{1F8608AB-C0CC-426A-A04D-9334962D20B9}.Debug|Any CPU.ActiveCfg = Debug|Any CPU
		{1F8608AB-C0CC-426A-A04D-9334962D20B9}.Debug|Any CPU.Build.0 = Debug|Any CPU
		{1F8608AB-C0CC-426A-A04D-9334962D20B9}.Release|Any CPU.ActiveCfg = Release|Any CPU
		{1F8608AB-C0CC-426A-A04D-9334962D20B9}.Release|Any CPU.Build.0 = Release|Any CPU
		{550BA0DF-9A52-49FD-8341-79064461F7ED}.Debug|Any CPU.ActiveCfg = Debug|Any CPU
		{550BA0DF-9A52-49FD-8341-79064461F7ED}.Debug|Any CPU.Build.0 = Debug|Any CPU
		{550BA0DF-9A52-49FD-8341-79064461F7ED}.Release|Any CPU.ActiveCfg = Release|Any CPU
		{550BA0DF-9A52-49FD-8341-79064461F7ED}.Release|Any CPU.Build.0 = Release|Any CPU
		{7EF10665-FFB3-43CD-9182-B5E0ACD99EFE}.Debug|Any CPU.ActiveCfg = Debug|Any CPU
		{7EF10665-FFB3-43CD-9182-B5E0ACD99EFE}.Debug|Any CPU.Build.0 = Debug|Any CPU
		{7EF10665-FFB3-43CD-9182-B5E0ACD99EFE}.Release|Any CPU.ActiveCfg = Release|Any CPU
		{7EF10665-FFB3-43CD-9182-B5E0ACD99EFE}.Release|Any CPU.Build.0 = Release|Any CPU
	EndGlobalSection
	GlobalSection(NestedProjects) = preSolution
		{2B8947F0-DE01-4409-B8A8-A95579CD32E7} = {1640DF50-D0E5-4C5D-BBDC-6B83C5335B32}
		{7D044332-1118-4EDE-9961-A37B823880E1} = {1640DF50-D0E5-4C5D-BBDC-6B83C5335B32}
		{0B886087-F6F6-4CF2-9F2D-7D4963C540C3} = {1640DF50-D0E5-4C5D-BBDC-6B83C5335B32}
		{2E9CF3FF-6555-4D78-9684-007B669CCAA4} = {1640DF50-D0E5-4C5D-BBDC-6B83C5335B32}
		{9D37B807-A5AD-4635-8E95-AA20B8901D50} = {1640DF50-D0E5-4C5D-BBDC-6B83C5335B32}
		{21792D67-821E-4630-B9B4-516218B8E870} = {1640DF50-D0E5-4C5D-BBDC-6B83C5335B32}
		{3521B01E-3589-456D-AB15-B16CF6740215} = {1640DF50-D0E5-4C5D-BBDC-6B83C5335B32}
		{46FC6749-F3C0-4FAF-9400-D77D66498A10} = {1640DF50-D0E5-4C5D-BBDC-6B83C5335B32}
		{1F8608AB-C0CC-426A-A04D-9334962D20B9} = {1640DF50-D0E5-4C5D-BBDC-6B83C5335B32}
		{550BA0DF-9A52-49FD-8341-79064461F7ED} = {1640DF50-D0E5-4C5D-BBDC-6B83C5335B32}
		{7EF10665-FFB3-43CD-9182-B5E0ACD99EFE} = {1640DF50-D0E5-4C5D-BBDC-6B83C5335B32}
	EndGlobalSection
EndGlobal
